PODS:
  - ObjectMapper (3.3.0)
  - SDWebImage (4.4.2):
    - SDWebImage/Core (= 4.4.2)
  - SDWebImage/Core (4.4.2)

DEPENDENCIES:
  - ObjectMapper
  - SDWebImage (~> 4.0)

SPEC REPOS:
  https://github.com/cocoapods/specs.git:
    - ObjectMapper
    - SDWebImage

SPEC CHECKSUMS:
  ObjectMapper: b612bf8c8e99c4dc0bb6013a51f7c27966ed5da9
  SDWebImage: 624d6e296c69b244bcede364c72ae0430ac14681

PODFILE CHECKSUM: 41fc5eeaa5b7ebf0636370cd05cdf7b3ca057501

COCOAPODS: 1.5.3
